
Microsoft Visual Studio Solution File, Format Version 11.00
# Visual Studio 2010
Project("{FAE04EC0-301F-11D3-BF4B-00C04F79EFBC}") = "CCMManager", "CCMManager\CCMManager.csproj", "{CA754E46-2720-49F3-AF2A-6610AC10D330}"
EndProject
Project("{FAE04EC0-301F-11D3-BF4B-00C04F79EFBC}") = "CCMManager.Automation", "Automation\CCMManager.Automation.csproj", "{AE128657-F3CB-469D-968D-884457F45E90}"
EndProject
Project("{FAE04EC0-301F-11D3-BF4B-00C04F79EFBC}") = "CCMManager.SingleClient", "CCMManager.SingleClient\CCMManager.SingleClient.csproj", "{B30C7646-03FB-48DE-BC47-E815D000F802}"
EndProject
Global
	GlobalSection(SolutionConfigurationPlatforms) = preSolution
		Debug|Any CPU = Debug|Any CPU
		Debug|Mixed Platforms = Debug|Mixed Platforms
		Debug|x86 = Debug|x86
		Release|Any CPU = Release|Any CPU
		Release|Mixed Platforms = Release|Mixed Platforms
		Release|x86 = Release|x86
	EndGlobalSection
	GlobalSection(ProjectConfigurationPlatforms) = postSolution
		{CA754E46-2720-49F3-AF2A-6610AC10D330}.Debug|Any CPU.ActiveCfg = Debug|x86
		{CA754E46-2720-49F3-AF2A-6610AC10D330}.Debug|Any CPU.Build.0 = Debug|x86
		{CA754E46-2720-49F3-AF2A-6610AC10D330}.Debug|Mixed Platforms.ActiveCfg = Debug|x86
		{CA754E46-2720-49F3-AF2A-6610AC10D330}.Debug|Mixed Platforms.Build.0 = Debug|x86
		{CA754E46-2720-49F3-AF2A-6610AC10D330}.Debug|x86.ActiveCfg = Debug|x86
		{CA754E46-2720-49F3-AF2A-6610AC10D330}.Debug|x86.Build.0 = Debug|x86
		{CA754E46-2720-49F3-AF2A-6610AC10D330}.Release|Any CPU.ActiveCfg = Release|x86
		{CA754E46-2720-49F3-AF2A-6610AC10D330}.Release|Any CPU.Build.0 = Release|x86
		{CA754E46-2720-49F3-AF2A-6610AC10D330}.Release|Mixed Platforms.ActiveCfg = Release|x86
		{CA754E46-2720-49F3-AF2A-6610AC10D330}.Release|Mixed Platforms.Build.0 = Release|x86
		{CA754E46-2720-49F3-AF2A-6610AC10D330}.Release|x86.ActiveCfg = Release|x86
		{CA754E46-2720-49F3-AF2A-6610AC10D330}.Release|x86.Build.0 = Release|x86
		{AE128657-F3CB-469D-968D-884457F45E90}.Debug|Any CPU.ActiveCfg = Debug|Any CPU
		{AE128657-F3CB-469D-968D-884457F45E90}.Debug|Any CPU.Build.0 = Debug|Any CPU
		{AE128657-F3CB-469D-968D-884457F45E90}.Debug|Mixed Platforms.ActiveCfg = Debug|Any CPU
		{AE128657-F3CB-469D-968D-884457F45E90}.Debug|Mixed Platforms.Build.0 = Debug|Any CPU
		{AE128657-F3CB-469D-968D-884457F45E90}.Debug|x86.ActiveCfg = Debug|Any CPU
		{AE128657-F3CB-469D-968D-884457F45E90}.Release|Any CPU.ActiveCfg = Release|Any CPU
		{AE128657-F3CB-469D-968D-884457F45E90}.Release|Any CPU.Build.0 = Release|Any CPU
		{AE128657-F3CB-469D-968D-884457F45E90}.Release|Mixed Platforms.ActiveCfg = Release|Any CPU
		{AE128657-F3CB-469D-968D-884457F45E90}.Release|Mixed Platforms.Build.0 = Release|Any CPU
		{AE128657-F3CB-469D-968D-884457F45E90}.Release|x86.ActiveCfg = Release|Any CPU
		{B30C7646-03FB-48DE-BC47-E815D000F802}.Debug|Any CPU.ActiveCfg = Debug|x86
		{B30C7646-03FB-48DE-BC47-E815D000F802}.Debug|Mixed Platforms.ActiveCfg = Debug|x86
		{B30C7646-03FB-48DE-BC47-E815D000F802}.Debug|Mixed Platforms.Build.0 = Debug|x86
		{B30C7646-03FB-48DE-BC47-E815D000F802}.Debug|x86.ActiveCfg = Debug|x86
		{B30C7646-03FB-48DE-BC47-E815D000F802}.Debug|x86.Build.0 = Debug|x86
		{B30C7646-03FB-48DE-BC47-E815D000F802}.Release|Any CPU.ActiveCfg = Release|x86
		{B30C7646-03FB-48DE-BC47-E815D000F802}.Release|Mixed Platforms.ActiveCfg = Release|x86
		{B30C7646-03FB-48DE-BC47-E815D000F802}.Release|Mixed Platforms.Build.0 = Release|x86
		{B30C7646-03FB-48DE-BC47-E815D000F802}.Release|x86.ActiveCfg = Release|x86
		{B30C7646-03FB-48DE-BC47-E815D000F802}.Release|x86.Build.0 = Release|x86
	EndGlobalSection
	GlobalSection(SolutionProperties) = preSolution
		HideSolutionNode = FALSE
	EndGlobalSection
EndGlobal
